{"format_version":"0.1","terraform_version":"0.13.4","planned_values":{"root_module":{"resources":[{"address":"google_cloud_run_service.default","mode":"managed","type":"google_cloud_run_service","name":"default","provider_name":"registry.terraform.io/hashicorp/google","schema_version":1,"values":{"autogenerate_revision_name":false,"location":"us-central1","name":"tf-test-cloudrun-srv-binding","project":"{{.Provider.project}}","template":[{"spec":[{"containers":[{"args":null,"command":null,"env":[],"env_from":[],"image":"us-docker.pkg.dev/cloudrun/container/hello","working_dir":null}],"service_account_name":null}]}],"timeouts":null,"traffic":[{"latest_revision":true,"percent":100,"revision_name":null}]}},{"address":"google_cloud_run_service_iam_binding.foo","mode":"managed","type":"google_cloud_run_service_iam_binding","name":"foo","provider_name":"registry.terraform.io/hashicorp/google","schema_version":0,"values":{"condition":[],"location":"us-central1","members":["user:admin@hashicorptest.com"],"project":"{{.Provider.project}}","role":"viewer","service":"tf-test-cloudrun-srv-binding"}}]}},"resource_changes":[{"address":"google_cloud_run_service.default","mode":"managed","type":"google_cloud_run_service","name":"default","provider_name":"registry.terraform.io/hashicorp/google","change":{"actions":["create"],"before":null,"after":{"autogenerate_revision_name":false,"location":"us-central1","name":"tf-test-cloudrun-srv-binding","project":"{{.Provider.project}}","template":[{"spec":[{"containers":[{"args":null,"command":null,"env":[],"env_from":[],"image":"us-docker.pkg.dev/cloudrun/container/hello","working_dir":null}],"service_account_name":null}]}],"timeouts":null,"traffic":[{"latest_revision":true,"percent":100,"revision_name":null}]},"after_unknown":{"id":true,"metadata":true,"status":true,"template":[{"metadata":true,"spec":[{"container_concurrency":true,"containers":[{"env":[],"env_from":[],"ports":true,"resources":true}],"serving_state":true,"timeout_seconds":true}]}],"traffic":[{}]}}},{"address":"google_cloud_run_service_iam_binding.foo","mode":"managed","type":"google_cloud_run_service_iam_binding","name":"foo","provider_name":"registry.terraform.io/hashicorp/google","change":{"actions":["create"],"before":null,"after":{"condition":[],"location":"us-central1","members":["user:admin@hashicorptest.com"],"project":"{{.Provider.project}}","role":"viewer","service":"tf-test-cloudrun-srv-binding"},"after_unknown":{"condition":[],"etag":true,"id":true,"members":[false]}}}],"configuration":{"root_module":{"resources":[{"address":"google_cloud_run_service.default","mode":"managed","type":"google_cloud_run_service","name":"default","provider_config_key":"google","expressions":{"location":{"constant_value":"us-central1"},"name":{"constant_value":"tf-test-cloudrun-srv-binding"},"project":{"constant_value":"{{.Provider.project}}"},"template":[{"spec":[{"containers":[{"image":{"constant_value":"us-docker.pkg.dev/cloudrun/container/hello"}}]}]}],"traffic":[{"latest_revision":{"constant_value":true},"percent":{"constant_value":100}}]},"schema_version":1},{"address":"google_cloud_run_service_iam_binding.foo","mode":"managed","type":"google_cloud_run_service_iam_binding","name":"foo","provider_config_key":"google","expressions":{"location":{"references":["google_cloud_run_service.default"]},"members":{"constant_value":["user:admin@hashicorptest.com"]},"project":{"references":["google_cloud_run_service.default"]},"role":{"constant_value":"viewer"},"service":{"references":["google_cloud_run_service.default"]}},"schema_version":0}]}}}
