{"format_version":"0.1","terraform_version":"0.13.4","planned_values":{"root_module":{"resources":[{"address":"google_cloud_run_domain_mapping.default","mode":"managed","type":"google_cloud_run_domain_mapping","name":"default","provider_name":"registry.terraform.io/hashicorp/google","schema_version":0,"values":{"location":"us-central1","metadata":[{"namespace":"{{.Provider.project}}"}],"name":"tf-test-domain-meep.gcp.tfacc.hashicorptest.com","project":"{{.Provider.project}}","spec":[{"certificate_mode":"AUTOMATIC","force_override":null,"route_name":"tf-test-cloudrun-srv-beep"}],"timeouts":null}},{"address":"google_cloud_run_service.default","mode":"managed","type":"google_cloud_run_service","name":"default","provider_name":"registry.terraform.io/hashicorp/google","schema_version":1,"values":{"autogenerate_revision_name":false,"location":"us-central1","metadata":[{"namespace":"{{.Provider.project}}"}],"name":"tf-test-cloudrun-srv-beep","project":"{{.Provider.project}}","template":[{"spec":[{"containers":[{"args":null,"command":null,"env":[],"env_from":[],"image":"us-docker.pkg.dev/cloudrun/container/hello","working_dir":null}],"service_account_name":null}]}],"timeouts":null}}]}},"resource_changes":[{"address":"google_cloud_run_domain_mapping.default","mode":"managed","type":"google_cloud_run_domain_mapping","name":"default","provider_name":"registry.terraform.io/hashicorp/google","change":{"actions":["create"],"before":null,"after":{"location":"us-central1","metadata":[{"namespace":"{{.Provider.project}}"}],"name":"tf-test-domain-meep.gcp.tfacc.hashicorptest.com","project":"{{.Provider.project}}","spec":[{"certificate_mode":"AUTOMATIC","force_override":null,"route_name":"tf-test-cloudrun-srv-beep"}],"timeouts":null},"after_unknown":{"id":true,"metadata":[{"annotations":true,"generation":true,"labels":true,"resource_version":true,"self_link":true,"uid":true}],"spec":[{}],"status":true}}},{"address":"google_cloud_run_service.default","mode":"managed","type":"google_cloud_run_service","name":"default","provider_name":"registry.terraform.io/hashicorp/google","change":{"actions":["create"],"before":null,"after":{"autogenerate_revision_name":false,"location":"us-central1","metadata":[{"namespace":"{{.Provider.project}}"}],"name":"tf-test-cloudrun-srv-beep","project":"{{.Provider.project}}","template":[{"spec":[{"containers":[{"args":null,"command":null,"env":[],"env_from":[],"image":"us-docker.pkg.dev/cloudrun/container/hello","working_dir":null}],"service_account_name":null}]}],"timeouts":null},"after_unknown":{"id":true,"metadata":[{"annotations":true,"generation":true,"labels":true,"resource_version":true,"self_link":true,"uid":true}],"status":true,"template":[{"metadata":true,"spec":[{"container_concurrency":true,"containers":[{"env":[],"env_from":[],"ports":true,"resources":true}],"serving_state":true,"timeout_seconds":true}]}],"traffic":true}}}],"configuration":{"root_module":{"resources":[{"address":"google_cloud_run_domain_mapping.default","mode":"managed","type":"google_cloud_run_domain_mapping","name":"default","provider_config_key":"google","expressions":{"location":{"constant_value":"us-central1"},"metadata":[{"namespace":{"constant_value":"{{.Provider.project}}"}}],"name":{"constant_value":"tf-test-domain-meep.gcp.tfacc.hashicorptest.com"},"project":{"constant_value":"{{.Provider.project}}"},"spec":[{"route_name":{"references":["google_cloud_run_service.default"]}}]},"schema_version":0},{"address":"google_cloud_run_service.default","mode":"managed","type":"google_cloud_run_service","name":"default","provider_config_key":"google","expressions":{"location":{"constant_value":"us-central1"},"metadata":[{"namespace":{"constant_value":"{{.Provider.project}}"}}],"name":{"constant_value":"tf-test-cloudrun-srv-beep"},"project":{"constant_value":"{{.Provider.project}}"},"template":[{"spec":[{"containers":[{"image":{"constant_value":"us-docker.pkg.dev/cloudrun/container/hello"}}]}]}]},"schema_version":1}]}}}
